// !$*UTF8*$!
{
	archiveVersion = 1;
	classes = {
	};
	objectVersion = 56;
	objects = {

/* Begin PBXBuildFile section */
		8EDCB8B32C295DCE006F7851 /* String+.swift in Sources */ = {isa = PBXBuildFile; fileRef = 8EDCB8B22C295DCE006F7851 /* String+.swift */; };
		8EDCB8B62C295FE9006F7851 /* BaseViewController.swift in Sources */ = {isa = PBXBuildFile; fileRef = 8EDCB8B52C295FE9006F7851 /* BaseViewController.swift */; };
		8EDCB8BC2C296246006F7851 /* NetworkService.swift in Sources */ = {isa = PBXBuildFile; fileRef = 8EDCB8BB2C296246006F7851 /* NetworkService.swift */; };
		8EDCB8C02C299B10006F7851 /* SearchDetailViewController.swift in Sources */ = {isa = PBXBuildFile; fileRef = 8EDCB8BF2C299B10006F7851 /* SearchDetailViewController.swift */; };
		8EDCB8C32C29A07C006F7851 /* SearchDetailHeaderView.swift in Sources */ = {isa = PBXBuildFile; fileRef = 8EDCB8C22C29A07C006F7851 /* SearchDetailHeaderView.swift */; };
		8EDCB8C52C29A3F9006F7851 /* SimilarEndpoint.swift in Sources */ = {isa = PBXBuildFile; fileRef = 8EDCB8C42C29A3F9006F7851 /* SimilarEndpoint.swift */; };
		8EDCB8C72C29A759006F7851 /* SimilarResponse.swift in Sources */ = {isa = PBXBuildFile; fileRef = 8EDCB8C62C29A759006F7851 /* SimilarResponse.swift */; };
		8EDCB8C92C29C295006F7851 /* RecommendEndpoint.swift in Sources */ = {isa = PBXBuildFile; fileRef = 8EDCB8C82C29C295006F7851 /* RecommendEndpoint.swift */; };
		8EDCB8CB2C29C29B006F7851 /* PosterEndpoint.swift in Sources */ = {isa = PBXBuildFile; fileRef = 8EDCB8CA2C29C29B006F7851 /* PosterEndpoint.swift */; };
		8EDCB8CD2C29C2F2006F7851 /* PosterResponse.swift in Sources */ = {isa = PBXBuildFile; fileRef = 8EDCB8CC2C29C2F2006F7851 /* PosterResponse.swift */; };
		8EDCB8CF2C29C4C5006F7851 /* RecommendResponse.swift in Sources */ = {isa = PBXBuildFile; fileRef = 8EDCB8CE2C29C4C5006F7851 /* RecommendResponse.swift */; };
		8EDCB8D12C29C54D006F7851 /* SearchDetailViewCVCell.swift in Sources */ = {isa = PBXBuildFile; fileRef = 8EDCB8D02C29C54D006F7851 /* SearchDetailViewCVCell.swift */; };
		BE1482172C17E3CC00B7C62C /* Genre.json in Resources */ = {isa = PBXBuildFile; fileRef = BE1482162C17E3CC00B7C62C /* Genre.json */; };
		BE1482352C18432C00B7C62C /* SearchViewController.swift in Sources */ = {isa = PBXBuildFile; fileRef = BE1482342C18432C00B7C62C /* SearchViewController.swift */; };
		BE1482372C184A0C00B7C62C /* SearchCollectionViewCell.swift in Sources */ = {isa = PBXBuildFile; fileRef = BE1482362C184A0C00B7C62C /* SearchCollectionViewCell.swift */; };
		BE1482392C18501000B7C62C /* SearchEndpoint.swift in Sources */ = {isa = PBXBuildFile; fileRef = BE1482382C18501000B7C62C /* SearchEndpoint.swift */; };
		BE14823D2C18554100B7C62C /* Search.json in Resources */ = {isa = PBXBuildFile; fileRef = BE14823C2C18554100B7C62C /* Search.json */; };
		BE14823F2C18558A00B7C62C /* SearchResponse.swift in Sources */ = {isa = PBXBuildFile; fileRef = BE14823E2C18558A00B7C62C /* SearchResponse.swift */; };
		BE77C1422C16FEE1008EADA1 /* TrendingCardView.swift in Sources */ = {isa = PBXBuildFile; fileRef = BE77C1412C16FEE1008EADA1 /* TrendingCardView.swift */; };
		BE77C1452C170257008EADA1 /* TrendingResponse.swift in Sources */ = {isa = PBXBuildFile; fileRef = BE77C1442C170257008EADA1 /* TrendingResponse.swift */; };
		BE77C1472C1703C1008EADA1 /* ReuseIdentifiable.swift in Sources */ = {isa = PBXBuildFile; fileRef = BE77C1462C1703C1008EADA1 /* ReuseIdentifiable.swift */; };
		BE77C1492C17076C008EADA1 /* DateFormat.swift in Sources */ = {isa = PBXBuildFile; fileRef = BE77C1482C17076C008EADA1 /* DateFormat.swift */; };
		BE77C14B2C171150008EADA1 /* PaddingLabelView.swift in Sources */ = {isa = PBXBuildFile; fileRef = BE77C14A2C171150008EADA1 /* PaddingLabelView.swift */; };
		BE77C14D2C172270008EADA1 /* TMDBEndpoint.swift in Sources */ = {isa = PBXBuildFile; fileRef = BE77C14C2C172270008EADA1 /* TMDBEndpoint.swift */; };
		BE77C14F2C17234D008EADA1 /* GenreResponse.swift in Sources */ = {isa = PBXBuildFile; fileRef = BE77C14E2C17234D008EADA1 /* GenreResponse.swift */; };
		BE77C1512C172485008EADA1 /* GenreEndpoint.swift in Sources */ = {isa = PBXBuildFile; fileRef = BE77C1502C172485008EADA1 /* GenreEndpoint.swift */; };
		BE77C1542C17255B008EADA1 /* CreditViewController.swift in Sources */ = {isa = PBXBuildFile; fileRef = BE77C1532C17255B008EADA1 /* CreditViewController.swift */; };
		BE77C1562C1725CF008EADA1 /* CreditEndpoint.swift in Sources */ = {isa = PBXBuildFile; fileRef = BE77C1552C1725CF008EADA1 /* CreditEndpoint.swift */; };
		BE77C1582C172792008EADA1 /* CreditResponse.swift in Sources */ = {isa = PBXBuildFile; fileRef = BE77C1572C172792008EADA1 /* CreditResponse.swift */; };
		BE77C15A2C172C53008EADA1 /* CreditTVCastCell.swift in Sources */ = {isa = PBXBuildFile; fileRef = BE77C1592C172C53008EADA1 /* CreditTVCastCell.swift */; };
		BE77C15C2C172C5F008EADA1 /* CreditTVOverViewCell.swift in Sources */ = {isa = PBXBuildFile; fileRef = BE77C15B2C172C5F008EADA1 /* CreditTVOverViewCell.swift */; };
		BE77C1612C172F2F008EADA1 /* Credit.json in Resources */ = {isa = PBXBuildFile; fileRef = BE77C1602C172F2F008EADA1 /* Credit.json */; };
		BE77C1632C17303D008EADA1 /* Trending.json in Resources */ = {isa = PBXBuildFile; fileRef = BE77C1622C17303D008EADA1 /* Trending.json */; };
		BE77C1672C17373C008EADA1 /* ImageEndpoint.swift in Sources */ = {isa = PBXBuildFile; fileRef = BE77C1662C17373C008EADA1 /* ImageEndpoint.swift */; };
		BE77C1692C174BE3008EADA1 /* UIViewController+.swift in Sources */ = {isa = PBXBuildFile; fileRef = BE77C1682C174BE3008EADA1 /* UIViewController+.swift */; };
		BEC8B2D12C16CCF00009F325 /* AppDelegate.swift in Sources */ = {isa = PBXBuildFile; fileRef = BEC8B2D02C16CCF00009F325 /* AppDelegate.swift */; };
		BEC8B2D32C16CCF00009F325 /* SceneDelegate.swift in Sources */ = {isa = PBXBuildFile; fileRef = BEC8B2D22C16CCF00009F325 /* SceneDelegate.swift */; };
		BEC8B2D52C16CCF00009F325 /* TrendingViewController.swift in Sources */ = {isa = PBXBuildFile; fileRef = BEC8B2D42C16CCF00009F325 /* TrendingViewController.swift */; };
		BEC8B2DA2C16CCF20009F325 /* Assets.xcassets in Resources */ = {isa = PBXBuildFile; fileRef = BEC8B2D92C16CCF20009F325 /* Assets.xcassets */; };
		BEC8B2DD2C16CCF20009F325 /* Base in Resources */ = {isa = PBXBuildFile; fileRef = BEC8B2DC2C16CCF20009F325 /* Base */; };
		BEC8B2EA2C16CECF0009F325 /* Alamofire in Frameworks */ = {isa = PBXBuildFile; productRef = BEC8B2E92C16CECF0009F325 /* Alamofire */; };
		BEC8B2ED2C16CEDE0009F325 /* SnapKit in Frameworks */ = {isa = PBXBuildFile; productRef = BEC8B2EC2C16CEDE0009F325 /* SnapKit */; };
		BEC8B2F02C16CEED0009F325 /* Kingfisher in Frameworks */ = {isa = PBXBuildFile; productRef = BEC8B2EF2C16CEED0009F325 /* Kingfisher */; };
		BEC8B2F32C16CF180009F325 /* .gitignore in Resources */ = {isa = PBXBuildFile; fileRef = BEC8B2F22C16CF180009F325 /* .gitignore */; };
		BEE629302C16DD61009E1884 /* EndpointRepresentable.swift in Sources */ = {isa = PBXBuildFile; fileRef = BEE6292F2C16DD61009E1884 /* EndpointRepresentable.swift */; };
		BEE629322C16DD7F009E1884 /* HTTPMethod.swift in Sources */ = {isa = PBXBuildFile; fileRef = BEE629312C16DD7F009E1884 /* HTTPMethod.swift */; };
		BEE629342C16DE40009E1884 /* MediaTrendEndpoint.swift in Sources */ = {isa = PBXBuildFile; fileRef = BEE629332C16DE40009E1884 /* MediaTrendEndpoint.swift */; };
		BEE629362C16DFD6009E1884 /* EndpointScheme.swift in Sources */ = {isa = PBXBuildFile; fileRef = BEE629352C16DFD6009E1884 /* EndpointScheme.swift */; };
		BEE629382C16DFE1009E1884 /* EndpointError.swift in Sources */ = {isa = PBXBuildFile; fileRef = BEE629372C16DFE1009E1884 /* EndpointError.swift */; };
		BEE6293D2C16F0C2009E1884 /* UIKitPreview.swift in Sources */ = {isa = PBXBuildFile; fileRef = BEE6293C2C16F0C2009E1884 /* UIKitPreview.swift */; };
		BEE629402C16F1AA009E1884 /* TrendingTableViewCell.swift in Sources */ = {isa = PBXBuildFile; fileRef = BEE6293F2C16F1AA009E1884 /* TrendingTableViewCell.swift */; };
		BEE629422C16F1FB009E1884 /* Builder.swift in Sources */ = {isa = PBXBuildFile; fileRef = BEE629412C16F1FB009E1884 /* Builder.swift */; };
/* End PBXBuildFile section */

/* Begin PBXFileReference section */
		8EDCB8B12C295D99006F7851 /* Debug.xcconfig */ = {isa = PBXFileReference; lastKnownFileType = text.xcconfig; path = Debug.xcconfig; sourceTree = "<group>"; };
		8EDCB8B22C295DCE006F7851 /* String+.swift */ = {isa = PBXFileReference; lastKnownFileType = sourcecode.swift; path = "String+.swift"; sourceTree = "<group>"; };
		8EDCB8B52C295FE9006F7851 /* BaseViewController.swift */ = {isa = PBXFileReference; lastKnownFileType = sourcecode.swift; path = BaseViewController.swift; sourceTree = "<group>"; };
		8EDCB8BB2C296246006F7851 /* NetworkService.swift */ = {isa = PBXFileReference; lastKnownFileType = sourcecode.swift; path = NetworkService.swift; sourceTree = "<group>"; };
		8EDCB8BF2C299B10006F7851 /* SearchDetailViewController.swift */ = {isa = PBXFileReference; lastKnownFileType = sourcecode.swift; path = SearchDetailViewController.swift; sourceTree = "<group>"; };
		8EDCB8C22C29A07C006F7851 /* SearchDetailHeaderView.swift */ = {isa = PBXFileReference; lastKnownFileType = sourcecode.swift; path = SearchDetailHeaderView.swift; sourceTree = "<group>"; };
		8EDCB8C42C29A3F9006F7851 /* SimilarEndpoint.swift */ = {isa = PBXFileReference; lastKnownFileType = sourcecode.swift; path = SimilarEndpoint.swift; sourceTree = "<group>"; };
		8EDCB8C62C29A759006F7851 /* SimilarResponse.swift */ = {isa = PBXFileReference; lastKnownFileType = sourcecode.swift; path = SimilarResponse.swift; sourceTree = "<group>"; };
		8EDCB8C82C29C295006F7851 /* RecommendEndpoint.swift */ = {isa = PBXFileReference; lastKnownFileType = sourcecode.swift; path = RecommendEndpoint.swift; sourceTree = "<group>"; };
		8EDCB8CA2C29C29B006F7851 /* PosterEndpoint.swift */ = {isa = PBXFileReference; lastKnownFileType = sourcecode.swift; path = PosterEndpoint.swift; sourceTree = "<group>"; };
		8EDCB8CC2C29C2F2006F7851 /* PosterResponse.swift */ = {isa = PBXFileReference; lastKnownFileType = sourcecode.swift; path = PosterResponse.swift; sourceTree = "<group>"; };
		8EDCB8CE2C29C4C5006F7851 /* RecommendResponse.swift */ = {isa = PBXFileReference; lastKnownFileType = sourcecode.swift; path = RecommendResponse.swift; sourceTree = "<group>"; };
		8EDCB8D02C29C54D006F7851 /* SearchDetailViewCVCell.swift */ = {isa = PBXFileReference; lastKnownFileType = sourcecode.swift; path = SearchDetailViewCVCell.swift; sourceTree = "<group>"; };
		BE1482162C17E3CC00B7C62C /* Genre.json */ = {isa = PBXFileReference; lastKnownFileType = text.json; path = Genre.json; sourceTree = "<group>"; };
		BE1482342C18432C00B7C62C /* SearchViewController.swift */ = {isa = PBXFileReference; lastKnownFileType = sourcecode.swift; path = SearchViewController.swift; sourceTree = "<group>"; };
		BE1482362C184A0C00B7C62C /* SearchCollectionViewCell.swift */ = {isa = PBXFileReference; lastKnownFileType = sourcecode.swift; path = SearchCollectionViewCell.swift; sourceTree = "<group>"; };
		BE1482382C18501000B7C62C /* SearchEndpoint.swift */ = {isa = PBXFileReference; lastKnownFileType = sourcecode.swift; path = SearchEndpoint.swift; sourceTree = "<group>"; };
		BE14823C2C18554100B7C62C /* Search.json */ = {isa = PBXFileReference; lastKnownFileType = text.json; path = Search.json; sourceTree = "<group>"; };
		BE14823E2C18558A00B7C62C /* SearchResponse.swift */ = {isa = PBXFileReference; lastKnownFileType = sourcecode.swift; path = SearchResponse.swift; sourceTree = "<group>"; };
		BE77C1412C16FEE1008EADA1 /* TrendingCardView.swift */ = {isa = PBXFileReference; lastKnownFileType = sourcecode.swift; path = TrendingCardView.swift; sourceTree = "<group>"; };
		BE77C1442C170257008EADA1 /* TrendingResponse.swift */ = {isa = PBXFileReference; lastKnownFileType = sourcecode.swift; path = TrendingResponse.swift; sourceTree = "<group>"; };
		BE77C1462C1703C1008EADA1 /* ReuseIdentifiable.swift */ = {isa = PBXFileReference; lastKnownFileType = sourcecode.swift; path = ReuseIdentifiable.swift; sourceTree = "<group>"; };
		BE77C1482C17076C008EADA1 /* DateFormat.swift */ = {isa = PBXFileReference; lastKnownFileType = sourcecode.swift; path = DateFormat.swift; sourceTree = "<group>"; };
		BE77C14A2C171150008EADA1 /* PaddingLabelView.swift */ = {isa = PBXFileReference; lastKnownFileType = sourcecode.swift; path = PaddingLabelView.swift; sourceTree = "<group>"; };
		BE77C14C2C172270008EADA1 /* TMDBEndpoint.swift */ = {isa = PBXFileReference; lastKnownFileType = sourcecode.swift; path = TMDBEndpoint.swift; sourceTree = "<group>"; };
		BE77C14E2C17234D008EADA1 /* GenreResponse.swift */ = {isa = PBXFileReference; lastKnownFileType = sourcecode.swift; path = GenreResponse.swift; sourceTree = "<group>"; };
		BE77C1502C172485008EADA1 /* GenreEndpoint.swift */ = {isa = PBXFileReference; lastKnownFileType = sourcecode.swift; path = GenreEndpoint.swift; sourceTree = "<group>"; };
		BE77C1532C17255B008EADA1 /* CreditViewController.swift */ = {isa = PBXFileReference; lastKnownFileType = sourcecode.swift; path = CreditViewController.swift; sourceTree = "<group>"; };
		BE77C1552C1725CF008EADA1 /* CreditEndpoint.swift */ = {isa = PBXFileReference; lastKnownFileType = sourcecode.swift; path = CreditEndpoint.swift; sourceTree = "<group>"; };
		BE77C1572C172792008EADA1 /* CreditResponse.swift */ = {isa = PBXFileReference; lastKnownFileType = sourcecode.swift; path = CreditResponse.swift; sourceTree = "<group>"; };
		BE77C1592C172C53008EADA1 /* CreditTVCastCell.swift */ = {isa = PBXFileReference; lastKnownFileType = sourcecode.swift; path = CreditTVCastCell.swift; sourceTree = "<group>"; };
		BE77C15B2C172C5F008EADA1 /* CreditTVOverViewCell.swift */ = {isa = PBXFileReference; lastKnownFileType = sourcecode.swift; path = CreditTVOverViewCell.swift; sourceTree = "<group>"; };
		BE77C1602C172F2F008EADA1 /* Credit.json */ = {isa = PBXFileReference; lastKnownFileType = text.json; path = Credit.json; sourceTree = "<group>"; };
		BE77C1622C17303D008EADA1 /* Trending.json */ = {isa = PBXFileReference; lastKnownFileType = text.json; path = Trending.json; sourceTree = "<group>"; };
		BE77C1662C17373C008EADA1 /* ImageEndpoint.swift */ = {isa = PBXFileReference; lastKnownFileType = sourcecode.swift; path = ImageEndpoint.swift; sourceTree = "<group>"; };
		BE77C1682C174BE3008EADA1 /* UIViewController+.swift */ = {isa = PBXFileReference; lastKnownFileType = sourcecode.swift; path = "UIViewController+.swift"; sourceTree = "<group>"; };
		BEC8B2CD2C16CCF00009F325 /* Media.app */ = {isa = PBXFileReference; explicitFileType = wrapper.application; includeInIndex = 0; path = Media.app; sourceTree = BUILT_PRODUCTS_DIR; };
		BEC8B2D02C16CCF00009F325 /* AppDelegate.swift */ = {isa = PBXFileReference; lastKnownFileType = sourcecode.swift; path = AppDelegate.swift; sourceTree = "<group>"; };
		BEC8B2D22C16CCF00009F325 /* SceneDelegate.swift */ = {isa = PBXFileReference; lastKnownFileType = sourcecode.swift; path = SceneDelegate.swift; sourceTree = "<group>"; };
		BEC8B2D42C16CCF00009F325 /* TrendingViewController.swift */ = {isa = PBXFileReference; lastKnownFileType = sourcecode.swift; path = TrendingViewController.swift; sourceTree = "<group>"; };
		BEC8B2D92C16CCF20009F325 /* Assets.xcassets */ = {isa = PBXFileReference; lastKnownFileType = folder.assetcatalog; path = Assets.xcassets; sourceTree = "<group>"; };
		BEC8B2DC2C16CCF20009F325 /* Base */ = {isa = PBXFileReference; lastKnownFileType = file.storyboard; name = Base; path = Base.lproj/LaunchScreen.storyboard; sourceTree = "<group>"; };
		BEC8B2DE2C16CCF20009F325 /* Info.plist */ = {isa = PBXFileReference; lastKnownFileType = text.plist.xml; path = Info.plist; sourceTree = "<group>"; };
		BEC8B2F22C16CF180009F325 /* .gitignore */ = {isa = PBXFileReference; lastKnownFileType = text; path = .gitignore; sourceTree = "<group>"; };
		BEE6292F2C16DD61009E1884 /* EndpointRepresentable.swift */ = {isa = PBXFileReference; lastKnownFileType = sourcecode.swift; path = EndpointRepresentable.swift; sourceTree = "<group>"; };
		BEE629312C16DD7F009E1884 /* HTTPMethod.swift */ = {isa = PBXFileReference; lastKnownFileType = sourcecode.swift; path = HTTPMethod.swift; sourceTree = "<group>"; };
		BEE629332C16DE40009E1884 /* MediaTrendEndpoint.swift */ = {isa = PBXFileReference; lastKnownFileType = sourcecode.swift; path = MediaTrendEndpoint.swift; sourceTree = "<group>"; };
		BEE629352C16DFD6009E1884 /* EndpointScheme.swift */ = {isa = PBXFileReference; lastKnownFileType = sourcecode.swift; path = EndpointScheme.swift; sourceTree = "<group>"; };
		BEE629372C16DFE1009E1884 /* EndpointError.swift */ = {isa = PBXFileReference; lastKnownFileType = sourcecode.swift; path = EndpointError.swift; sourceTree = "<group>"; };
		BEE6293C2C16F0C2009E1884 /* UIKitPreview.swift */ = {isa = PBXFileReference; lastKnownFileType = sourcecode.swift; path = UIKitPreview.swift; sourceTree = "<group>"; };
		BEE6293F2C16F1AA009E1884 /* TrendingTableViewCell.swift */ = {isa = PBXFileReference; lastKnownFileType = sourcecode.swift; path = TrendingTableViewCell.swift; sourceTree = "<group>"; };
		BEE629412C16F1FB009E1884 /* Builder.swift */ = {isa = PBXFileReference; lastKnownFileType = sourcecode.swift; path = Builder.swift; sourceTree = "<group>"; };
/* End PBXFileReference section */

/* Begin PBXFrameworksBuildPhase section */
		BEC8B2CA2C16CCF00009F325 /* Frameworks */ = {
			isa = PBXFrameworksBuildPhase;
			buildActionMask = 2147483647;
			files = (
				BEC8B2F02C16CEED0009F325 /* Kingfisher in Frameworks */,
				BEC8B2EA2C16CECF0009F325 /* Alamofire in Frameworks */,
				BEC8B2ED2C16CEDE0009F325 /* SnapKit in Frameworks */,
			);
			runOnlyForDeploymentPostprocessing = 0;
		};
/* End PBXFrameworksBuildPhase section */

/* Begin PBXGroup section */
		8EDCB8B02C295D90006F7851 /* Config */ = {
			isa = PBXGroup;
			children = (
				8EDCB8B12C295D99006F7851 /* Debug.xcconfig */,
			);
			path = Config;
			sourceTree = "<group>";
		};
		8EDCB8B42C295FDF006F7851 /* Common */ = {
			isa = PBXGroup;
			children = (
				BE77C14A2C171150008EADA1 /* PaddingLabelView.swift */,
				8EDCB8B52C295FE9006F7851 /* BaseViewController.swift */,
			);
			path = Common;
			sourceTree = "<group>";
		};
		8EDCB8B72C296070006F7851 /* View */ = {
			isa = PBXGroup;
			children = (
				BE77C1412C16FEE1008EADA1 /* TrendingCardView.swift */,
				8EDCB8B82C296071006F7851 /* Cell */,
			);
			path = View;
			sourceTree = "<group>";
		};
		8EDCB8B82C296071006F7851 /* Cell */ = {
			isa = PBXGroup;
			children = (
				BEE6293F2C16F1AA009E1884 /* TrendingTableViewCell.swift */,
			);
			path = Cell;
			sourceTree = "<group>";
		};
		8EDCB8B92C296078006F7851 /* Cell */ = {
			isa = PBXGroup;
			children = (
				BE77C15B2C172C5F008EADA1 /* CreditTVOverViewCell.swift */,
				BE77C1592C172C53008EADA1 /* CreditTVCastCell.swift */,
			);
			path = Cell;
			sourceTree = "<group>";
		};
		8EDCB8C12C29A059006F7851 /* Reusable */ = {
			isa = PBXGroup;
			children = (
				BE1482362C184A0C00B7C62C /* SearchCollectionViewCell.swift */,
				8EDCB8D02C29C54D006F7851 /* SearchDetailViewCVCell.swift */,
				8EDCB8C22C29A07C006F7851 /* SearchDetailHeaderView.swift */,
			);
			path = Reusable;
			sourceTree = "<group>";
		};
		BE1482332C1842F000B7C62C /* Search */ = {
			isa = PBXGroup;
			children = (
				BE1482342C18432C00B7C62C /* SearchViewController.swift */,
				8EDCB8BF2C299B10006F7851 /* SearchDetailViewController.swift */,
				8EDCB8C12C29A059006F7851 /* Reusable */,
			);
			path = Search;
			sourceTree = "<group>";
		};
		BE77C1432C170245008EADA1 /* Model */ = {
			isa = PBXGroup;
			children = (
				BE77C1442C170257008EADA1 /* TrendingResponse.swift */,
				BE77C14E2C17234D008EADA1 /* GenreResponse.swift */,
				BE77C1572C172792008EADA1 /* CreditResponse.swift */,
				BE14823E2C18558A00B7C62C /* SearchResponse.swift */,
				8EDCB8C62C29A759006F7851 /* SimilarResponse.swift */,
				8EDCB8CE2C29C4C5006F7851 /* RecommendResponse.swift */,
				8EDCB8CC2C29C2F2006F7851 /* PosterResponse.swift */,
				BE77C15D2C172F1D008EADA1 /* Mock */,
			);
			path = Model;
			sourceTree = "<group>";
		};
		BE77C1522C17254E008EADA1 /* Credit */ = {
			isa = PBXGroup;
			children = (
				BE77C1532C17255B008EADA1 /* CreditViewController.swift */,
				8EDCB8B92C296078006F7851 /* Cell */,
			);
			path = Credit;
			sourceTree = "<group>";
		};
		BE77C15D2C172F1D008EADA1 /* Mock */ = {
			isa = PBXGroup;
			children = (
				BE77C1602C172F2F008EADA1 /* Credit.json */,
				BE77C1622C17303D008EADA1 /* Trending.json */,
				BE1482162C17E3CC00B7C62C /* Genre.json */,
				BE14823C2C18554100B7C62C /* Search.json */,
			);
			path = Mock;
			sourceTree = "<group>";
		};
		BEC8B2C42C16CCF00009F325 = {
			isa = PBXGroup;
			children = (
				BEC8B2F22C16CF180009F325 /* .gitignore */,
				BEC8B2CF2C16CCF00009F325 /* Media */,
				BEC8B2CE2C16CCF00009F325 /* Products */,
			);
			sourceTree = "<group>";
		};
		BEC8B2CE2C16CCF00009F325 /* Products */ = {
			isa = PBXGroup;
			children = (
				BEC8B2CD2C16CCF00009F325 /* Media.app */,
			);
			name = Products;
			sourceTree = "<group>";
		};
		BEC8B2CF2C16CCF00009F325 /* Media */ = {
			isa = PBXGroup;
			children = (
				BEC8B2E52C16CD030009F325 /* Sources */,
				BEC8B2E42C16CCF60009F325 /* Resources */,
			);
			path = Media;
			sourceTree = "<group>";
		};
		BEC8B2E42C16CCF60009F325 /* Resources */ = {
			isa = PBXGroup;
			children = (
				BEC8B2D92C16CCF20009F325 /* Assets.xcassets */,
				BEC8B2DB2C16CCF20009F325 /* LaunchScreen.storyboard */,
				BEC8B2DE2C16CCF20009F325 /* Info.plist */,
				8EDCB8B02C295D90006F7851 /* Config */,
			);
			path = Resources;
			sourceTree = "<group>";
		};
		BEC8B2E52C16CD030009F325 /* Sources */ = {
			isa = PBXGroup;
			children = (
				BEC8B2E72C16CD0E0009F325 /* View */,
				BE77C1432C170245008EADA1 /* Model */,
				BEC8B2F12C16CEFF0009F325 /* Utility */,
				BEC8B2E62C16CD050009F325 /* App */,
			);
			path = Sources;
			sourceTree = "<group>";
		};
		BEC8B2E62C16CD050009F325 /* App */ = {
			isa = PBXGroup;
			children = (
				BEC8B2D02C16CCF00009F325 /* AppDelegate.swift */,
				BEC8B2D22C16CCF00009F325 /* SceneDelegate.swift */,
			);
			path = App;
			sourceTree = "<group>";
		};
		BEC8B2E72C16CD0E0009F325 /* View */ = {
			isa = PBXGroup;
			children = (
				BEE6293E2C16F195009E1884 /* Trending */,
				BE77C1522C17254E008EADA1 /* Credit */,
				BE1482332C1842F000B7C62C /* Search */,
				8EDCB8B42C295FDF006F7851 /* Common */,
			);
			path = View;
			sourceTree = "<group>";
		};
		BEC8B2F12C16CEFF0009F325 /* Utility */ = {
			isa = PBXGroup;
			children = (
				BEE6293C2C16F0C2009E1884 /* UIKitPreview.swift */,
				BE77C1482C17076C008EADA1 /* DateFormat.swift */,
				8EDCB8BB2C296246006F7851 /* NetworkService.swift */,
				BEE629412C16F1FB009E1884 /* Builder.swift */,
				BEE6292E2C16DD58009E1884 /* Endpoint */,
				BEE6292D2C16D17C009E1884 /* Extension */,
				BEE629432C16F7F6009E1884 /* Builder */,
			);
			path = Utility;
			sourceTree = "<group>";
		};
		BEE6292D2C16D17C009E1884 /* Extension */ = {
			isa = PBXGroup;
			children = (
				BE77C1462C1703C1008EADA1 /* ReuseIdentifiable.swift */,
				BE77C1682C174BE3008EADA1 /* UIViewController+.swift */,
				8EDCB8B22C295DCE006F7851 /* String+.swift */,
			);
			path = Extension;
			sourceTree = "<group>";
		};
		BEE6292E2C16DD58009E1884 /* Endpoint */ = {
			isa = PBXGroup;
			children = (
				BE77C14C2C172270008EADA1 /* TMDBEndpoint.swift */,
				BE1482382C18501000B7C62C /* SearchEndpoint.swift */,
				BEE629332C16DE40009E1884 /* MediaTrendEndpoint.swift */,
				BE77C1662C17373C008EADA1 /* ImageEndpoint.swift */,
				BE77C1502C172485008EADA1 /* GenreEndpoint.swift */,
				BE77C1552C1725CF008EADA1 /* CreditEndpoint.swift */,
				8EDCB8C42C29A3F9006F7851 /* SimilarEndpoint.swift */,
				8EDCB8C82C29C295006F7851 /* RecommendEndpoint.swift */,
				8EDCB8CA2C29C29B006F7851 /* PosterEndpoint.swift */,
				BEE6293B2C16E9F5009E1884 /* Protocol */,
			);
			path = Endpoint;
			sourceTree = "<group>";
		};
		BEE6293B2C16E9F5009E1884 /* Protocol */ = {
			isa = PBXGroup;
			children = (
				BEE6292F2C16DD61009E1884 /* EndpointRepresentable.swift */,
				BEE629352C16DFD6009E1884 /* EndpointScheme.swift */,
				BEE629312C16DD7F009E1884 /* HTTPMethod.swift */,
				BEE629372C16DFE1009E1884 /* EndpointError.swift */,
			);
			path = Protocol;
			sourceTree = "<group>";
		};
		BEE6293E2C16F195009E1884 /* Trending */ = {
			isa = PBXGroup;
			children = (
				BEC8B2D42C16CCF00009F325 /* TrendingViewController.swift */,
				8EDCB8B72C296070006F7851 /* View */,
			);
			path = Trending;
			sourceTree = "<group>";
		};
		BEE629432C16F7F6009E1884 /* Builder */ = {
			isa = PBXGroup;
			children = (
			);
			path = Builder;
			sourceTree = "<group>";
		};
/* End PBXGroup section */

/* Begin PBXNativeTarget section */
		BEC8B2CC2C16CCF00009F325 /* Media */ = {
			isa = PBXNativeTarget;
			buildConfigurationList = BEC8B2E12C16CCF20009F325 /* Build configuration list for PBXNativeTarget "Media" */;
			buildPhases = (
				BEC8B2C92C16CCF00009F325 /* Sources */,
				BEC8B2CA2C16CCF00009F325 /* Frameworks */,
				BEC8B2CB2C16CCF00009F325 /* Resources */,
			);
			buildRules = (
			);
			dependencies = (
			);
			name = Media;
			packageProductDependencies = (
				BEC8B2E92C16CECF0009F325 /* Alamofire */,
				BEC8B2EC2C16CEDE0009F325 /* SnapKit */,
				BEC8B2EF2C16CEED0009F325 /* Kingfisher */,
			);
			productName = Media;
			productReference = BEC8B2CD2C16CCF00009F325 /* Media.app */;
			productType = "com.apple.product-type.application";
		};
/* End PBXNativeTarget section */

/* Begin PBXProject section */
		BEC8B2C52C16CCF00009F325 /* Project object */ = {
			isa = PBXProject;
			attributes = {
				BuildIndependentTargetsInParallel = 1;
				LastSwiftUpdateCheck = 1540;
				LastUpgradeCheck = 1540;
				TargetAttributes = {
					BEC8B2CC2C16CCF00009F325 = {
						CreatedOnToolsVersion = 15.4;
					};
				};
			};
			buildConfigurationList = BEC8B2C82C16CCF00009F325 /* Build configuration list for PBXProject "Media" */;
			compatibilityVersion = "Xcode 14.0";
			developmentRegion = en;
			hasScannedForEncodings = 0;
			knownRegions = (
				en,
				Base,
			);
			mainGroup = BEC8B2C42C16CCF00009F325;
			packageReferences = (
				BEC8B2E82C16CECF0009F325 /* XCRemoteSwiftPackageReference "Alamofire" */,
				BEC8B2EB2C16CEDE0009F325 /* XCRemoteSwiftPackageReference "SnapKit" */,
				BEC8B2EE2C16CEED0009F325 /* XCRemoteSwiftPackageReference "Kingfisher" */,
			);
			productRefGroup = BEC8B2CE2C16CCF00009F325 /* Products */;
			projectDirPath = "";
			projectRoot = "";
			targets = (
				BEC8B2CC2C16CCF00009F325 /* Media */,
			);
		};
/* End PBXProject section */

/* Begin PBXResourcesBuildPhase section */
		BEC8B2CB2C16CCF00009F325 /* Resources */ = {
			isa = PBXResourcesBuildPhase;
			buildActionMask = 2147483647;
			files = (
				BE1482172C17E3CC00B7C62C /* Genre.json in Resources */,
				BE77C1632C17303D008EADA1 /* Trending.json in Resources */,
				BEC8B2DA2C16CCF20009F325 /* Assets.xcassets in Resources */,
				BE77C1612C172F2F008EADA1 /* Credit.json in Resources */,
				BEC8B2F32C16CF180009F325 /* .gitignore in Resources */,
				BEC8B2DD2C16CCF20009F325 /* Base in Resources */,
				BE14823D2C18554100B7C62C /* Search.json in Resources */,
			);
			runOnlyForDeploymentPostprocessing = 0;
		};
/* End PBXResourcesBuildPhase section */

/* Begin PBXSourcesBuildPhase section */
		BEC8B2C92C16CCF00009F325 /* Sources */ = {
			isa = PBXSourcesBuildPhase;
			buildActionMask = 2147483647;
			files = (
				BEC8B2D52C16CCF00009F325 /* TrendingViewController.swift in Sources */,
				8EDCB8C92C29C295006F7851 /* RecommendEndpoint.swift in Sources */,
				BEE629342C16DE40009E1884 /* MediaTrendEndpoint.swift in Sources */,
				8EDCB8B62C295FE9006F7851 /* BaseViewController.swift in Sources */,
				BEC8B2D12C16CCF00009F325 /* AppDelegate.swift in Sources */,
				BE77C1422C16FEE1008EADA1 /* TrendingCardView.swift in Sources */,
				BEE629382C16DFE1009E1884 /* EndpointError.swift in Sources */,
				BE77C1492C17076C008EADA1 /* DateFormat.swift in Sources */,
				BE77C14B2C171150008EADA1 /* PaddingLabelView.swift in Sources */,
				8EDCB8CB2C29C29B006F7851 /* PosterEndpoint.swift in Sources */,
				8EDCB8B32C295DCE006F7851 /* String+.swift in Sources */,
				BE77C1562C1725CF008EADA1 /* CreditEndpoint.swift in Sources */,
				BEE629322C16DD7F009E1884 /* HTTPMethod.swift in Sources */,
				BE77C15A2C172C53008EADA1 /* CreditTVCastCell.swift in Sources */,
				BE77C1472C1703C1008EADA1 /* ReuseIdentifiable.swift in Sources */,
				BEE629402C16F1AA009E1884 /* TrendingTableViewCell.swift in Sources */,
				BE1482392C18501000B7C62C /* SearchEndpoint.swift in Sources */,
				BEE6293D2C16F0C2009E1884 /* UIKitPreview.swift in Sources */,
				8EDCB8D12C29C54D006F7851 /* SearchDetailViewCVCell.swift in Sources */,
				BE1482372C184A0C00B7C62C /* SearchCollectionViewCell.swift in Sources */,
				8EDCB8C32C29A07C006F7851 /* SearchDetailHeaderView.swift in Sources */,
				BE77C1692C174BE3008EADA1 /* UIViewController+.swift in Sources */,
				8EDCB8C72C29A759006F7851 /* SimilarResponse.swift in Sources */,
				8EDCB8C02C299B10006F7851 /* SearchDetailViewController.swift in Sources */,
				BEE629362C16DFD6009E1884 /* EndpointScheme.swift in Sources */,
				8EDCB8CF2C29C4C5006F7851 /* RecommendResponse.swift in Sources */,
				BE77C15C2C172C5F008EADA1 /* CreditTVOverViewCell.swift in Sources */,
				BEE629302C16DD61009E1884 /* EndpointRepresentable.swift in Sources */,
				BE14823F2C18558A00B7C62C /* SearchResponse.swift in Sources */,
				8EDCB8CD2C29C2F2006F7851 /* PosterResponse.swift in Sources */,
				8EDCB8BC2C296246006F7851 /* NetworkService.swift in Sources */,
				BEC8B2D32C16CCF00009F325 /* SceneDelegate.swift in Sources */,
				BE77C1452C170257008EADA1 /* TrendingResponse.swift in Sources */,
				BE77C1672C17373C008EADA1 /* ImageEndpoint.swift in Sources */,
				BE77C1512C172485008EADA1 /* GenreEndpoint.swift in Sources */,
				BE77C1582C172792008EADA1 /* CreditResponse.swift in Sources */,
				BEE629422C16F1FB009E1884 /* Builder.swift in Sources */,
				BE77C14D2C172270008EADA1 /* TMDBEndpoint.swift in Sources */,
				BE77C14F2C17234D008EADA1 /* GenreResponse.swift in Sources */,
				BE77C1542C17255B008EADA1 /* CreditViewController.swift in Sources */,
				8EDCB8C52C29A3F9006F7851 /* SimilarEndpoint.swift in Sources */,
				BE1482352C18432C00B7C62C /* SearchViewController.swift in Sources */,
			);
			runOnlyForDeploymentPostprocessing = 0;
		};
/* End PBXSourcesBuildPhase section */

/* Begin PBXVariantGroup section */
		BEC8B2DB2C16CCF20009F325 /* LaunchScreen.storyboard */ = {
			isa = PBXVariantGroup;
			children = (
				BEC8B2DC2C16CCF20009F325 /* Base */,
			);
			name = LaunchScreen.storyboard;
			sourceTree = "<group>";
		};
/* End PBXVariantGroup section */

/* Begin XCBuildConfiguration section */
		BEC8B2DF2C16CCF20009F325 /* Debug */ = {
			isa = XCBuildConfiguration;
			buildSettings = {
				ALWAYS_SEARCH_USER_PATHS = NO;
				ASSETCATALOG_COMPILER_GENERATE_SWIFT_ASSET_SYMBOL_EXTENSIONS = YES;
				CLANG_ANALYZER_NONNULL = YES;
				CLANG_ANALYZER_NUMBER_OBJECT_CONVERSION = YES_AGGRESSIVE;
				CLANG_CXX_LANGUAGE_STANDARD = "gnu++20";
				CLANG_ENABLE_MODULES = YES;
				CLANG_ENABLE_OBJC_ARC = YES;
				CLANG_ENABLE_OBJC_WEAK = YES;
				CLANG_WARN_BLOCK_CAPTURE_AUTORELEASING = YES;
				CLANG_WARN_BOOL_CONVERSION = YES;
				CLANG_WARN_COMMA = YES;
				CLANG_WARN_CONSTANT_CONVERSION = YES;
				CLANG_WARN_DEPRECATED_OBJC_IMPLEMENTATIONS = YES;
				CLANG_WARN_DIRECT_OBJC_ISA_USAGE = YES_ERROR;
				CLANG_WARN_DOCUMENTATION_COMMENTS = YES;
				CLANG_WARN_EMPTY_BODY = YES;
				CLANG_WARN_ENUM_CONVERSION = YES;
				CLANG_WARN_INFINITE_RECURSION = YES;
				CLANG_WARN_INT_CONVERSION = YES;
				CLANG_WARN_NON_LITERAL_NULL_CONVERSION = YES;
				CLANG_WARN_OBJC_IMPLICIT_RETAIN_SELF = YES;
				CLANG_WARN_OBJC_LITERAL_CONVERSION = YES;
				CLANG_WARN_OBJC_ROOT_CLASS = YES_ERROR;
				CLANG_WARN_QUOTED_INCLUDE_IN_FRAMEWORK_HEADER = YES;
				CLANG_WARN_RANGE_LOOP_ANALYSIS = YES;
				CLANG_WARN_STRICT_PROTOTYPES = YES;
				CLANG_WARN_SUSPICIOUS_MOVE = YES;
				CLANG_WARN_UNGUARDED_AVAILABILITY = YES_AGGRESSIVE;
				CLANG_WARN_UNREACHABLE_CODE = YES;
				CLANG_WARN__DUPLICATE_METHOD_MATCH = YES;
				COPY_PHASE_STRIP = NO;
				DEBUG_INFORMATION_FORMAT = dwarf;
				ENABLE_STRICT_OBJC_MSGSEND = YES;
				ENABLE_TESTABILITY = YES;
				ENABLE_USER_SCRIPT_SANDBOXING = YES;
				GCC_C_LANGUAGE_STANDARD = gnu17;
				GCC_DYNAMIC_NO_PIC = NO;
				GCC_NO_COMMON_BLOCKS = YES;
				GCC_OPTIMIZATION_LEVEL = 0;
				GCC_PREPROCESSOR_DEFINITIONS = (
					"DEBUG=1",
					"$(inherited)",
				);
				GCC_WARN_64_TO_32_BIT_CONVERSION = YES;
				GCC_WARN_ABOUT_RETURN_TYPE = YES_ERROR;
				GCC_WARN_UNDECLARED_SELECTOR = YES;
				GCC_WARN_UNINITIALIZED_AUTOS = YES_AGGRESSIVE;
				GCC_WARN_UNUSED_FUNCTION = YES;
				GCC_WARN_UNUSED_VARIABLE = YES;
				IPHONEOS_DEPLOYMENT_TARGET = 17.5;
				LOCALIZATION_PREFERS_STRING_CATALOGS = YES;
				MTL_ENABLE_DEBUG_INFO = INCLUDE_SOURCE;
				MTL_FAST_MATH = YES;
				ONLY_ACTIVE_ARCH = YES;
				SDKROOT = iphoneos;
				SWIFT_ACTIVE_COMPILATION_CONDITIONS = "DEBUG $(inherited)";
				SWIFT_OPTIMIZATION_LEVEL = "-Onone";
			};
			name = Debug;
		};
		BEC8B2E02C16CCF20009F325 /* Release */ = {
			isa = XCBuildConfiguration;
			buildSettings = {
				ALWAYS_SEARCH_USER_PATHS = NO;
				ASSETCATALOG_COMPILER_GENERATE_SWIFT_ASSET_SYMBOL_EXTENSIONS = YES;
				CLANG_ANALYZER_NONNULL = YES;
				CLANG_ANALYZER_NUMBER_OBJECT_CONVERSION = YES_AGGRESSIVE;
				CLANG_CXX_LANGUAGE_STANDARD = "gnu++20";
				CLANG_ENABLE_MODULES = YES;
				CLANG_ENABLE_OBJC_ARC = YES;
				CLANG_ENABLE_OBJC_WEAK = YES;
				CLANG_WARN_BLOCK_CAPTURE_AUTORELEASING = YES;
				CLANG_WARN_BOOL_CONVERSION = YES;
				CLANG_WARN_COMMA = YES;
				CLANG_WARN_CONSTANT_CONVERSION = YES;
				CLANG_WARN_DEPRECATED_OBJC_IMPLEMENTATIONS = YES;
				CLANG_WARN_DIRECT_OBJC_ISA_USAGE = YES_ERROR;
				CLANG_WARN_DOCUMENTATION_COMMENTS = YES;
				CLANG_WARN_EMPTY_BODY = YES;
				CLANG_WARN_ENUM_CONVERSION = YES;
				CLANG_WARN_INFINITE_RECURSION = YES;
				CLANG_WARN_INT_CONVERSION = YES;
				CLANG_WARN_NON_LITERAL_NULL_CONVERSION = YES;
				CLANG_WARN_OBJC_IMPLICIT_RETAIN_SELF = YES;
				CLANG_WARN_OBJC_LITERAL_CONVERSION = YES;
				CLANG_WARN_OBJC_ROOT_CLASS = YES_ERROR;
				CLANG_WARN_QUOTED_INCLUDE_IN_FRAMEWORK_HEADER = YES;
				CLANG_WARN_RANGE_LOOP_ANALYSIS = YES;
				CLANG_WARN_STRICT_PROTOTYPES = YES;
				CLANG_WARN_SUSPICIOUS_MOVE = YES;
				CLANG_WARN_UNGUARDED_AVAILABILITY = YES_AGGRESSIVE;
				CLANG_WARN_UNREACHABLE_CODE = YES;
				CLANG_WARN__DUPLICATE_METHOD_MATCH = YES;
				COPY_PHASE_STRIP = NO;
				DEBUG_INFORMATION_FORMAT = "dwarf-with-dsym";
				ENABLE_NS_ASSERTIONS = NO;
				ENABLE_STRICT_OBJC_MSGSEND = YES;
				ENABLE_USER_SCRIPT_SANDBOXING = YES;
				GCC_C_LANGUAGE_STANDARD = gnu17;
				GCC_NO_COMMON_BLOCKS = YES;
				GCC_WARN_64_TO_32_BIT_CONVERSION = YES;
				GCC_WARN_ABOUT_RETURN_TYPE = YES_ERROR;
				GCC_WARN_UNDECLARED_SELECTOR = YES;
				GCC_WARN_UNINITIALIZED_AUTOS = YES_AGGRESSIVE;
				GCC_WARN_UNUSED_FUNCTION = YES;
				GCC_WARN_UNUSED_VARIABLE = YES;
				IPHONEOS_DEPLOYMENT_TARGET = 17.5;
				LOCALIZATION_PREFERS_STRING_CATALOGS = YES;
				MTL_ENABLE_DEBUG_INFO = NO;
				MTL_FAST_MATH = YES;
				SDKROOT = iphoneos;
				SWIFT_COMPILATION_MODE = wholemodule;
				VALIDATE_PRODUCT = YES;
			};
			name = Release;
		};
		BEC8B2E22C16CCF20009F325 /* Debug */ = {
			isa = XCBuildConfiguration;
			baseConfigurationReference = 8EDCB8B12C295D99006F7851 /* Debug.xcconfig */;
			buildSettings = {
				ASSETCATALOG_COMPILER_APPICON_NAME = AppIcon;
				ASSETCATALOG_COMPILER_GLOBAL_ACCENT_COLOR_NAME = AccentColor;
				CODE_SIGN_STYLE = Automatic;
				CURRENT_PROJECT_VERSION = 1;
				DEVELOPMENT_TEAM = ASU4PNB5MG;
				GENERATE_INFOPLIST_FILE = YES;
				INFOPLIST_FILE = Media/Resources/Info.plist;
				INFOPLIST_KEY_UIApplicationSupportsIndirectInputEvents = YES;
				INFOPLIST_KEY_UILaunchStoryboardName = LaunchScreen;
				INFOPLIST_KEY_UISupportedInterfaceOrientations = UIInterfaceOrientationPortrait;
				INFOPLIST_KEY_UISupportedInterfaceOrientations_iPad = "UIInterfaceOrientationLandscapeLeft UIInterfaceOrientationLandscapeRight UIInterfaceOrientationPortrait UIInterfaceOrientationPortraitUpsideDown";
				IPHONEOS_DEPLOYMENT_TARGET = 15.0;
				LD_RUNPATH_SEARCH_PATHS = (
					"$(inherited)",
					"@executable_path/Frameworks",
				);
				MARKETING_VERSION = 1.0;
				PRODUCT_BUNDLE_IDENTIFIER = com.geonseobkim.Media;
				PRODUCT_NAME = "$(TARGET_NAME)";
				SUPPORTED_PLATFORMS = "iphoneos iphonesimulator";
				SUPPORTS_MACCATALYST = NO;
				SUPPORTS_MAC_DESIGNED_FOR_IPHONE_IPAD = NO;
				SUPPORTS_XR_DESIGNED_FOR_IPHONE_IPAD = NO;
				SWIFT_EMIT_LOC_STRINGS = YES;
				SWIFT_VERSION = 5.0;
				TARGETED_DEVICE_FAMILY = 1;
			};
			name = Debug;
		};
		BEC8B2E32C16CCF20009F325 /* Release */ = {
			isa = XCBuildConfiguration;
			buildSettings = {
				ASSETCATALOG_COMPILER_APPICON_NAME = AppIcon;
				ASSETCATALOG_COMPILER_GLOBAL_ACCENT_COLOR_NAME = AccentColor;
				CODE_SIGN_STYLE = Automatic;
				CURRENT_PROJECT_VERSION = 1;
				DEVELOPMENT_TEAM = ASU4PNB5MG;
				GENERATE_INFOPLIST_FILE = YES;
				INFOPLIST_FILE = Media/Resources/Info.plist;
				INFOPLIST_KEY_UIApplicationSupportsIndirectInputEvents = YES;
				INFOPLIST_KEY_UILaunchStoryboardName = LaunchScreen;
				INFOPLIST_KEY_UISupportedInterfaceOrientations = UIInterfaceOrientationPortrait;
				INFOPLIST_KEY_UISupportedInterfaceOrientations_iPad = "UIInterfaceOrientationLandscapeLeft UIInterfaceOrientationLandscapeRight UIInterfaceOrientationPortrait UIInterfaceOrientationPortraitUpsideDown";
				IPHONEOS_DEPLOYMENT_TARGET = 15.0;
				LD_RUNPATH_SEARCH_PATHS = (
					"$(inherited)",
					"@executable_path/Frameworks",
				);
				MARKETING_VERSION = 1.0;
				PRODUCT_BUNDLE_IDENTIFIER = com.geonseobkim.Media;
				PRODUCT_NAME = "$(TARGET_NAME)";
				SUPPORTED_PLATFORMS = "iphoneos iphonesimulator";
				SUPPORTS_MACCATALYST = NO;
				SUPPORTS_MAC_DESIGNED_FOR_IPHONE_IPAD = NO;
				SUPPORTS_XR_DESIGNED_FOR_IPHONE_IPAD = NO;
				SWIFT_EMIT_LOC_STRINGS = YES;
				SWIFT_VERSION = 5.0;
				TARGETED_DEVICE_FAMILY = 1;
			};
			name = Release;
		};
/* End XCBuildConfiguration section */

/* Begin XCConfigurationList section */
		BEC8B2C82C16CCF00009F325 /* Build configuration list for PBXProject "Media" */ = {
			isa = XCConfigurationList;
			buildConfigurations = (
				BEC8B2DF2C16CCF20009F325 /* Debug */,
				BEC8B2E02C16CCF20009F325 /* Release */,
			);
			defaultConfigurationIsVisible = 0;
			defaultConfigurationName = Release;
		};
		BEC8B2E12C16CCF20009F325 /* Build configuration list for PBXNativeTarget "Media" */ = {
			isa = XCConfigurationList;
			buildConfigurations = (
				BEC8B2E22C16CCF20009F325 /* Debug */,
				BEC8B2E32C16CCF20009F325 /* Release */,
			);
			defaultConfigurationIsVisible = 0;
			defaultConfigurationName = Release;
		};
/* End XCConfigurationList section */

/* Begin XCRemoteSwiftPackageReference section */
		BEC8B2E82C16CECF0009F325 /* XCRemoteSwiftPackageReference "Alamofire" */ = {
			isa = XCRemoteSwiftPackageReference;
			repositoryURL = "https://github.com/Alamofire/Alamofire.git";
			requirement = {
				kind = upToNextMajorVersion;
				minimumVersion = 5.9.1;
			};
		};
		BEC8B2EB2C16CEDE0009F325 /* XCRemoteSwiftPackageReference "SnapKit" */ = {
			isa = XCRemoteSwiftPackageReference;
			repositoryURL = "https://github.com/SnapKit/SnapKit.git";
			requirement = {
				kind = upToNextMajorVersion;
				minimumVersion = 5.7.1;
			};
		};
		BEC8B2EE2C16CEED0009F325 /* XCRemoteSwiftPackageReference "Kingfisher" */ = {
			isa = XCRemoteSwiftPackageReference;
			repositoryURL = "https://github.com/onevcat/Kingfisher";
			requirement = {
				kind = upToNextMajorVersion;
				minimumVersion = 7.11.0;
			};
		};
/* End XCRemoteSwiftPackageReference section */

/* Begin XCSwiftPackageProductDependency section */
		BEC8B2E92C16CECF0009F325 /* Alamofire */ = {
			isa = XCSwiftPackageProductDependency;
			package = BEC8B2E82C16CECF0009F325 /* XCRemoteSwiftPackageReference "Alamofire" */;
			productName = Alamofire;
		};
		BEC8B2EC2C16CEDE0009F325 /* SnapKit */ = {
			isa = XCSwiftPackageProductDependency;
			package = BEC8B2EB2C16CEDE0009F325 /* XCRemoteSwiftPackageReference "SnapKit" */;
			productName = SnapKit;
		};
		BEC8B2EF2C16CEED0009F325 /* Kingfisher */ = {
			isa = XCSwiftPackageProductDependency;
			package = BEC8B2EE2C16CEED0009F325 /* XCRemoteSwiftPackageReference "Kingfisher" */;
			productName = Kingfisher;
		};
/* End XCSwiftPackageProductDependency section */
	};
	rootObject = BEC8B2C52C16CCF00009F325 /* Project object */;
}
